
Microsoft Visual Studio Solution File, Format Version 10.00
# Visual Studio 2008
Project("{8BC9CEB8-8B4A-11D0-8D11-00A0C91BC942}") = "udpsend", "udpsend\udpsend.vcproj", "{CDD2CECE-C585-4729-9305-CCE0E6043E51}"
EndProject
Project("{8BC9CEB8-8B4A-11D0-8D11-00A0C91BC942}") = "udprecv", "udprecv\udprecv.vcproj", "{090BA134-EBFB-4DEB-81EB-96B1AC42EF1F}"
EndProject
Global
	GlobalSection(SolutionConfigurationPlatforms) = preSolution
		Debug|Win32 = Debug|Win32
		Release|Win32 = Release|Win32
	EndGlobalSection
	GlobalSection(ProjectConfigurationPlatforms) = postSolution
		{CDD2CECE-C585-4729-9305-CCE0E6043E51}.Debug|Win32.ActiveCfg = Debug|Win32
		{CDD2CECE-C585-4729-9305-CCE0E6043E51}.Debug|Win32.Build.0 = Debug|Win32
		{CDD2CECE-C585-4729-9305-CCE0E6043E51}.Release|Win32.ActiveCfg = Release|Win32
		{CDD2CECE-C585-4729-9305-CCE0E6043E51}.Release|Win32.Build.0 = Release|Win32
		{090BA134-EBFB-4DEB-81EB-96B1AC42EF1F}.Debug|Win32.ActiveCfg = Debug|Win32
		{090BA134-EBFB-4DEB-81EB-96B1AC42EF1F}.Debug|Win32.Build.0 = Debug|Win32
		{090BA134-EBFB-4DEB-81EB-96B1AC42EF1F}.Release|Win32.ActiveCfg = Release|Win32
		{090BA134-EBFB-4DEB-81EB-96B1AC42EF1F}.Release|Win32.Build.0 = Release|Win32
	EndGlobalSection
	GlobalSection(SolutionProperties) = preSolution
		HideSolutionNode = FALSE
	EndGlobalSection
EndGlobal
