
Microsoft Visual Studio Solution File, Format Version 12.00
# Visual Studio 15
VisualStudioVersion = 15.0.26014.0
MinimumVisualStudioVersion = 10.0.40219.1
Project("{8BC9CEB8-8B4A-11D0-8D11-00A0C91BC942}") = "glchota", "glchota\glchota.vcxproj", "{19D5E846-FC60-4F9A-9396-0174589F5A69}"
EndProject
Project("{8BC9CEB8-8B4A-11D0-8D11-00A0C91BC942}") = "gldouble", "gldouble\gldouble.vcxproj", "{5AC5792C-ECA1-48C5-B48D-30FCB1EEBF90}"
EndProject
Project("{8BC9CEB8-8B4A-11D0-8D11-00A0C91BC942}") = "gltouch", "gltouch\gltouch.vcxproj", "{2DFA4284-F887-44BE-92FE-6AF57B466009}"
EndProject
Project("{8BC9CEB8-8B4A-11D0-8D11-00A0C91BC942}") = "glroll", "glroll\glroll.vcxproj", "{7D3D8B18-721F-49E8-B177-FB27040B0CBB}"
EndProject
Project("{8BC9CEB8-8B4A-11D0-8D11-00A0C91BC942}") = "serial", "serial\serial.vcxproj", "{8D47B3CB-DE6D-4EC3-9C7B-0C2DFBEA3779}"
EndProject
Project("{8BC9CEB8-8B4A-11D0-8D11-00A0C91BC942}") = "winhello", "winhello\winhello.vcxproj", "{00915DEE-69E0-4596-9607-407A7F1811C5}"
EndProject
Project("{8BC9CEB8-8B4A-11D0-8D11-00A0C91BC942}") = "glhello", "glhello\glhello.vcxproj", "{75EC3E1D-074F-4D0E-8876-E5D69D9AABC1}"
EndProject
Project("{8BC9CEB8-8B4A-11D0-8D11-00A0C91BC942}") = "dialog", "dialog\dialog.vcxproj", "{820BD2B5-6057-4C1A-94F6-DCFB9A152BE1}"
EndProject
Project("{8BC9CEB8-8B4A-11D0-8D11-00A0C91BC942}") = "asyncserial", "asyncserial\asyncserial.vcxproj", "{ADF16D22-E4C4-4573-9178-1C6361074F61}"
EndProject
Project("{8BC9CEB8-8B4A-11D0-8D11-00A0C91BC942}") = "serialrecord", "serialrecord\serialrecord.vcxproj", "{5303AF59-5520-4E48-BDA4-7D69332B2550}"
EndProject
Project("{8BC9CEB8-8B4A-11D0-8D11-00A0C91BC942}") = "serialmon", "serialmon\serialmon.vcxproj", "{3064FFF3-C87B-4C75-9AD3-29320BF29B6F}"
EndProject
Project("{8BC9CEB8-8B4A-11D0-8D11-00A0C91BC942}") = "serialtable", "serialtable\serialtable.vcxproj", "{BD9E98A0-2D64-4E78-A56B-25092A63D798}"
EndProject
Global
	GlobalSection(SolutionConfigurationPlatforms) = preSolution
		Debug|x64 = Debug|x64
		Debug|x86 = Debug|x86
		Release|x64 = Release|x64
		Release|x86 = Release|x86
	EndGlobalSection
	GlobalSection(ProjectConfigurationPlatforms) = postSolution
		{19D5E846-FC60-4F9A-9396-0174589F5A69}.Debug|x64.ActiveCfg = Release|Win32
		{19D5E846-FC60-4F9A-9396-0174589F5A69}.Debug|x64.Build.0 = Release|Win32
		{19D5E846-FC60-4F9A-9396-0174589F5A69}.Debug|x86.ActiveCfg = Release|Win32
		{19D5E846-FC60-4F9A-9396-0174589F5A69}.Debug|x86.Build.0 = Release|Win32
		{19D5E846-FC60-4F9A-9396-0174589F5A69}.Release|x64.ActiveCfg = Release|Win32
		{19D5E846-FC60-4F9A-9396-0174589F5A69}.Release|x86.ActiveCfg = Release|Win32
		{19D5E846-FC60-4F9A-9396-0174589F5A69}.Release|x86.Build.0 = Release|Win32
		{5AC5792C-ECA1-48C5-B48D-30FCB1EEBF90}.Debug|x64.ActiveCfg = Release|Win32
		{5AC5792C-ECA1-48C5-B48D-30FCB1EEBF90}.Debug|x64.Build.0 = Release|Win32
		{5AC5792C-ECA1-48C5-B48D-30FCB1EEBF90}.Debug|x86.ActiveCfg = Release|Win32
		{5AC5792C-ECA1-48C5-B48D-30FCB1EEBF90}.Debug|x86.Build.0 = Release|Win32
		{5AC5792C-ECA1-48C5-B48D-30FCB1EEBF90}.Release|x64.ActiveCfg = Release|Win32
		{5AC5792C-ECA1-48C5-B48D-30FCB1EEBF90}.Release|x86.ActiveCfg = Release|Win32
		{5AC5792C-ECA1-48C5-B48D-30FCB1EEBF90}.Release|x86.Build.0 = Release|Win32
		{2DFA4284-F887-44BE-92FE-6AF57B466009}.Debug|x64.ActiveCfg = Release|Win32
		{2DFA4284-F887-44BE-92FE-6AF57B466009}.Debug|x64.Build.0 = Release|Win32
		{2DFA4284-F887-44BE-92FE-6AF57B466009}.Debug|x86.ActiveCfg = Release|Win32
		{2DFA4284-F887-44BE-92FE-6AF57B466009}.Debug|x86.Build.0 = Release|Win32
		{2DFA4284-F887-44BE-92FE-6AF57B466009}.Release|x64.ActiveCfg = Release|Win32
		{2DFA4284-F887-44BE-92FE-6AF57B466009}.Release|x86.ActiveCfg = Release|Win32
		{2DFA4284-F887-44BE-92FE-6AF57B466009}.Release|x86.Build.0 = Release|Win32
		{7D3D8B18-721F-49E8-B177-FB27040B0CBB}.Debug|x64.ActiveCfg = Release|Win32
		{7D3D8B18-721F-49E8-B177-FB27040B0CBB}.Debug|x64.Build.0 = Release|Win32
		{7D3D8B18-721F-49E8-B177-FB27040B0CBB}.Debug|x86.ActiveCfg = Release|Win32
		{7D3D8B18-721F-49E8-B177-FB27040B0CBB}.Debug|x86.Build.0 = Release|Win32
		{7D3D8B18-721F-49E8-B177-FB27040B0CBB}.Release|x64.ActiveCfg = Release|Win32
		{7D3D8B18-721F-49E8-B177-FB27040B0CBB}.Release|x86.ActiveCfg = Release|Win32
		{7D3D8B18-721F-49E8-B177-FB27040B0CBB}.Release|x86.Build.0 = Release|Win32
		{8D47B3CB-DE6D-4EC3-9C7B-0C2DFBEA3779}.Debug|x64.ActiveCfg = Release|Win32
		{8D47B3CB-DE6D-4EC3-9C7B-0C2DFBEA3779}.Debug|x64.Build.0 = Release|Win32
		{8D47B3CB-DE6D-4EC3-9C7B-0C2DFBEA3779}.Debug|x86.ActiveCfg = Release|Win32
		{8D47B3CB-DE6D-4EC3-9C7B-0C2DFBEA3779}.Debug|x86.Build.0 = Release|Win32
		{8D47B3CB-DE6D-4EC3-9C7B-0C2DFBEA3779}.Release|x64.ActiveCfg = Release|Win32
		{8D47B3CB-DE6D-4EC3-9C7B-0C2DFBEA3779}.Release|x86.ActiveCfg = Release|Win32
		{8D47B3CB-DE6D-4EC3-9C7B-0C2DFBEA3779}.Release|x86.Build.0 = Release|Win32
		{00915DEE-69E0-4596-9607-407A7F1811C5}.Debug|x64.ActiveCfg = Release|Win32
		{00915DEE-69E0-4596-9607-407A7F1811C5}.Debug|x64.Build.0 = Release|Win32
		{00915DEE-69E0-4596-9607-407A7F1811C5}.Debug|x86.ActiveCfg = Release|Win32
		{00915DEE-69E0-4596-9607-407A7F1811C5}.Debug|x86.Build.0 = Release|Win32
		{00915DEE-69E0-4596-9607-407A7F1811C5}.Release|x64.ActiveCfg = Release|Win32
		{00915DEE-69E0-4596-9607-407A7F1811C5}.Release|x86.ActiveCfg = Release|Win32
		{00915DEE-69E0-4596-9607-407A7F1811C5}.Release|x86.Build.0 = Release|Win32
		{75EC3E1D-074F-4D0E-8876-E5D69D9AABC1}.Debug|x64.ActiveCfg = Release|Win32
		{75EC3E1D-074F-4D0E-8876-E5D69D9AABC1}.Debug|x64.Build.0 = Release|Win32
		{75EC3E1D-074F-4D0E-8876-E5D69D9AABC1}.Debug|x86.ActiveCfg = Release|Win32
		{75EC3E1D-074F-4D0E-8876-E5D69D9AABC1}.Debug|x86.Build.0 = Release|Win32
		{75EC3E1D-074F-4D0E-8876-E5D69D9AABC1}.Release|x64.ActiveCfg = Release|Win32
		{75EC3E1D-074F-4D0E-8876-E5D69D9AABC1}.Release|x86.ActiveCfg = Release|Win32
		{75EC3E1D-074F-4D0E-8876-E5D69D9AABC1}.Release|x86.Build.0 = Release|Win32
		{820BD2B5-6057-4C1A-94F6-DCFB9A152BE1}.Debug|x64.ActiveCfg = Debug|x64
		{820BD2B5-6057-4C1A-94F6-DCFB9A152BE1}.Debug|x64.Build.0 = Debug|x64
		{820BD2B5-6057-4C1A-94F6-DCFB9A152BE1}.Debug|x86.ActiveCfg = Debug|Win32
		{820BD2B5-6057-4C1A-94F6-DCFB9A152BE1}.Debug|x86.Build.0 = Debug|Win32
		{820BD2B5-6057-4C1A-94F6-DCFB9A152BE1}.Release|x64.ActiveCfg = Release|x64
		{820BD2B5-6057-4C1A-94F6-DCFB9A152BE1}.Release|x64.Build.0 = Release|x64
		{820BD2B5-6057-4C1A-94F6-DCFB9A152BE1}.Release|x86.ActiveCfg = Release|Win32
		{820BD2B5-6057-4C1A-94F6-DCFB9A152BE1}.Release|x86.Build.0 = Release|Win32
		{ADF16D22-E4C4-4573-9178-1C6361074F61}.Debug|x64.ActiveCfg = Release|Win32
		{ADF16D22-E4C4-4573-9178-1C6361074F61}.Debug|x64.Build.0 = Release|Win32
		{ADF16D22-E4C4-4573-9178-1C6361074F61}.Debug|x86.ActiveCfg = Release|Win32
		{ADF16D22-E4C4-4573-9178-1C6361074F61}.Debug|x86.Build.0 = Release|Win32
		{ADF16D22-E4C4-4573-9178-1C6361074F61}.Release|x64.ActiveCfg = Release|Win32
		{ADF16D22-E4C4-4573-9178-1C6361074F61}.Release|x86.ActiveCfg = Release|Win32
		{ADF16D22-E4C4-4573-9178-1C6361074F61}.Release|x86.Build.0 = Release|Win32
		{5303AF59-5520-4E48-BDA4-7D69332B2550}.Debug|x64.ActiveCfg = Release|Win32
		{5303AF59-5520-4E48-BDA4-7D69332B2550}.Debug|x64.Build.0 = Release|Win32
		{5303AF59-5520-4E48-BDA4-7D69332B2550}.Debug|x86.ActiveCfg = Release|Win32
		{5303AF59-5520-4E48-BDA4-7D69332B2550}.Debug|x86.Build.0 = Release|Win32
		{5303AF59-5520-4E48-BDA4-7D69332B2550}.Release|x64.ActiveCfg = Release|Win32
		{5303AF59-5520-4E48-BDA4-7D69332B2550}.Release|x86.ActiveCfg = Release|Win32
		{5303AF59-5520-4E48-BDA4-7D69332B2550}.Release|x86.Build.0 = Release|Win32
		{3064FFF3-C87B-4C75-9AD3-29320BF29B6F}.Debug|x64.ActiveCfg = Release|Win32
		{3064FFF3-C87B-4C75-9AD3-29320BF29B6F}.Debug|x64.Build.0 = Release|Win32
		{3064FFF3-C87B-4C75-9AD3-29320BF29B6F}.Debug|x86.ActiveCfg = Release|Win32
		{3064FFF3-C87B-4C75-9AD3-29320BF29B6F}.Debug|x86.Build.0 = Release|Win32
		{3064FFF3-C87B-4C75-9AD3-29320BF29B6F}.Release|x64.ActiveCfg = Release|Win32
		{3064FFF3-C87B-4C75-9AD3-29320BF29B6F}.Release|x86.ActiveCfg = Release|Win32
		{3064FFF3-C87B-4C75-9AD3-29320BF29B6F}.Release|x86.Build.0 = Release|Win32
		{BD9E98A0-2D64-4E78-A56B-25092A63D798}.Debug|x64.ActiveCfg = Release|Win32
		{BD9E98A0-2D64-4E78-A56B-25092A63D798}.Debug|x64.Build.0 = Release|Win32
		{BD9E98A0-2D64-4E78-A56B-25092A63D798}.Debug|x86.ActiveCfg = Release|Win32
		{BD9E98A0-2D64-4E78-A56B-25092A63D798}.Debug|x86.Build.0 = Release|Win32
		{BD9E98A0-2D64-4E78-A56B-25092A63D798}.Release|x64.ActiveCfg = Release|Win32
		{BD9E98A0-2D64-4E78-A56B-25092A63D798}.Release|x86.ActiveCfg = Release|Win32
		{BD9E98A0-2D64-4E78-A56B-25092A63D798}.Release|x86.Build.0 = Release|Win32
	EndGlobalSection
	GlobalSection(SolutionProperties) = preSolution
		HideSolutionNode = FALSE
	EndGlobalSection
	GlobalSection(ExtensibilityGlobals) = postSolution
		SolutionGuid = {4FBEC2A8-5A82-4458-A5BB-0C45E3BA3D8F}
	EndGlobalSection
EndGlobal
